
Microsoft Visual Studio Solution File, Format Version 12.00
# Visual Studio Version 16
VisualStudioVersion = 16.0.30204.135
MinimumVisualStudioVersion = 10.0.40219.1
Project("{9A19103F-16F7-4668-BE54-9A1E7A4F7556}") = "huyblog", "huyblog.csproj", "{45D8BCF5-6DCB-48A4-9FD7-5FEAF41AF7A8}"
EndProject
Project("{E53339B2-1760-4266-BCC7-CA923CBCF16C}") = "docker-compose", "docker-compose.dcproj", "{BADC708C-824A-4AE2-8F0F-AF6F55DD968D}"
EndProject
Global
	GlobalSection(SolutionConfigurationPlatforms) = preSolution
		Debug|Any CPU = Debug|Any CPU
		Release|Any CPU = Release|Any CPU
	EndGlobalSection
	GlobalSection(ProjectConfigurationPlatforms) = postSolution
		{45D8BCF5-6DCB-48A4-9FD7-5FEAF41AF7A8}.Debug|Any CPU.ActiveCfg = Debug|Any CPU
		{45D8BCF5-6DCB-48A4-9FD7-5FEAF41AF7A8}.Debug|Any CPU.Build.0 = Debug|Any CPU
		{45D8BCF5-6DCB-48A4-9FD7-5FEAF41AF7A8}.Release|Any CPU.ActiveCfg = Release|Any CPU
		{45D8BCF5-6DCB-48A4-9FD7-5FEAF41AF7A8}.Release|Any CPU.Build.0 = Release|Any CPU
		{BADC708C-824A-4AE2-8F0F-AF6F55DD968D}.Debug|Any CPU.ActiveCfg = Debug|Any CPU
		{BADC708C-824A-4AE2-8F0F-AF6F55DD968D}.Debug|Any CPU.Build.0 = Debug|Any CPU
		{BADC708C-824A-4AE2-8F0F-AF6F55DD968D}.Release|Any CPU.ActiveCfg = Release|Any CPU
		{BADC708C-824A-4AE2-8F0F-AF6F55DD968D}.Release|Any CPU.Build.0 = Release|Any CPU
	EndGlobalSection
	GlobalSection(SolutionProperties) = preSolution
		HideSolutionNode = FALSE
	EndGlobalSection
	GlobalSection(ExtensibilityGlobals) = postSolution
		SolutionGuid = {486B12A1-5C48-41E0-91A1-5C44C1637A5B}
	EndGlobalSection
EndGlobal
